
Microsoft Visual Studio Solution File, Format Version 12.00
# Visual Studio 15
VisualStudioVersion = 15.0.28307.421
MinimumVisualStudioVersion = 10.0.40219.1
Project("{FAE04EC0-301F-11D3-BF4B-00C04F79EFBC}") = "MVCparcial", "MVCparcial\MVCparcial.csproj", "{40F9418B-55F5-40DB-9C96-7A2AD2024001}"
EndProject
Project("{FAE04EC0-301F-11D3-BF4B-00C04F79EFBC}") = "APIparcial", "APIparcial\APIparcial.csproj", "{D7BA3423-4EF5-4DCB-A8CB-8FBE3BF3EC3D}"
EndProject
Global
	GlobalSection(SolutionConfigurationPlatforms) = preSolution
		Debug|Any CPU = Debug|Any CPU
		Release|Any CPU = Release|Any CPU
	EndGlobalSection
	GlobalSection(ProjectConfigurationPlatforms) = postSolution
		{40F9418B-55F5-40DB-9C96-7A2AD2024001}.Debug|Any CPU.ActiveCfg = Debug|Any CPU
		{40F9418B-55F5-40DB-9C96-7A2AD2024001}.Debug|Any CPU.Build.0 = Debug|Any CPU
		{40F9418B-55F5-40DB-9C96-7A2AD2024001}.Release|Any CPU.ActiveCfg = Release|Any CPU
		{40F9418B-55F5-40DB-9C96-7A2AD2024001}.Release|Any CPU.Build.0 = Release|Any CPU
		{D7BA3423-4EF5-4DCB-A8CB-8FBE3BF3EC3D}.Debug|Any CPU.ActiveCfg = Debug|Any CPU
		{D7BA3423-4EF5-4DCB-A8CB-8FBE3BF3EC3D}.Debug|Any CPU.Build.0 = Debug|Any CPU
		{D7BA3423-4EF5-4DCB-A8CB-8FBE3BF3EC3D}.Release|Any CPU.ActiveCfg = Release|Any CPU
		{D7BA3423-4EF5-4DCB-A8CB-8FBE3BF3EC3D}.Release|Any CPU.Build.0 = Release|Any CPU
	EndGlobalSection
	GlobalSection(SolutionProperties) = preSolution
		HideSolutionNode = FALSE
	EndGlobalSection
	GlobalSection(ExtensibilityGlobals) = postSolution
		SolutionGuid = {69E22712-AD05-4D76-84A4-1286FB0BA7D0}
	EndGlobalSection
EndGlobal
